
Microsoft Visual Studio Solution File, Format Version 15.00
# Visual Studio 2017
Project("{FAE04EC0-301F-11D3-BF4B-00C04F79EFBC}") = "todolist", "todolist.csproj", "{D73C5A8F-A61D-45BA-B4FC-566369187905}"
EndProject
Global
	GlobalSection(SolutionConfigurationPlatforms) = preSolution
		Debug|Any CPU = Debug|Any CPU
		Release|Any CPU = Release|Any CPU
	EndGlobalSection
	GlobalSection(ProjectConfigurationPlatforms) = postSolution
		{D73C5A8F-A61D-45BA-B4FC-566369187905}.Debug|Any CPU.ActiveCfg = Debug|Any CPU
		{D73C5A8F-A61D-45BA-B4FC-566369187905}.Debug|Any CPU.Build.0 = Debug|Any CPU
		{D73C5A8F-A61D-45BA-B4FC-566369187905}.Release|Any CPU.ActiveCfg = Release|Any CPU
		{D73C5A8F-A61D-45BA-B4FC-566369187905}.Release|Any CPU.Build.0 = Release|Any CPU
	EndGlobalSection
EndGlobal
